
Microsoft Visual Studio Solution File, Format Version 12.00
# Visual Studio Version 16
VisualStudioVersion = 16.0.31229.75
MinimumVisualStudioVersion = 10.0.40219.1
Project("{8BC9CEB8-8B4A-11D0-8D11-00A0C91BC942}") = "C++复习", "C++复习\C++复习.vcxproj", "{8CAD689D-CF9F-4F48-930E-31209AD3D756}"
EndProject
Project("{8BC9CEB8-8B4A-11D0-8D11-00A0C91BC942}") = "AVL树", "AVL树\AVL树.vcxproj", "{5FA2923E-FDE6-4DB2-AC13-95A077782DDB}"
EndProject
Global
	GlobalSection(SolutionConfigurationPlatforms) = preSolution
		Debug|x64 = Debug|x64
		Debug|x86 = Debug|x86
		Release|x64 = Release|x64
		Release|x86 = Release|x86
	EndGlobalSection
	GlobalSection(ProjectConfigurationPlatforms) = postSolution
		{8CAD689D-CF9F-4F48-930E-31209AD3D756}.Debug|x64.ActiveCfg = Debug|x64
		{8CAD689D-CF9F-4F48-930E-31209AD3D756}.Debug|x64.Build.0 = Debug|x64
		{8CAD689D-CF9F-4F48-930E-31209AD3D756}.Debug|x86.ActiveCfg = Debug|Win32
		{8CAD689D-CF9F-4F48-930E-31209AD3D756}.Debug|x86.Build.0 = Debug|Win32
		{8CAD689D-CF9F-4F48-930E-31209AD3D756}.Release|x64.ActiveCfg = Release|x64
		{8CAD689D-CF9F-4F48-930E-31209AD3D756}.Release|x64.Build.0 = Release|x64
		{8CAD689D-CF9F-4F48-930E-31209AD3D756}.Release|x86.ActiveCfg = Release|Win32
		{8CAD689D-CF9F-4F48-930E-31209AD3D756}.Release|x86.Build.0 = Release|Win32
		{5FA2923E-FDE6-4DB2-AC13-95A077782DDB}.Debug|x64.ActiveCfg = Debug|x64
		{5FA2923E-FDE6-4DB2-AC13-95A077782DDB}.Debug|x64.Build.0 = Debug|x64
		{5FA2923E-FDE6-4DB2-AC13-95A077782DDB}.Debug|x86.ActiveCfg = Debug|Win32
		{5FA2923E-FDE6-4DB2-AC13-95A077782DDB}.Debug|x86.Build.0 = Debug|Win32
		{5FA2923E-FDE6-4DB2-AC13-95A077782DDB}.Release|x64.ActiveCfg = Release|x64
		{5FA2923E-FDE6-4DB2-AC13-95A077782DDB}.Release|x64.Build.0 = Release|x64
		{5FA2923E-FDE6-4DB2-AC13-95A077782DDB}.Release|x86.ActiveCfg = Release|Win32
		{5FA2923E-FDE6-4DB2-AC13-95A077782DDB}.Release|x86.Build.0 = Release|Win32
	EndGlobalSection
	GlobalSection(SolutionProperties) = preSolution
		HideSolutionNode = FALSE
	EndGlobalSection
	GlobalSection(ExtensibilityGlobals) = postSolution
		SolutionGuid = {28699389-9591-4C92-B8B9-193BA430266B}
	EndGlobalSection
EndGlobal
