
Microsoft Visual Studio Solution File, Format Version 12.00
# Visual Studio Version 16
VisualStudioVersion = 16.0.31229.75
MinimumVisualStudioVersion = 10.0.40219.1
Project("{8BC9CEB8-8B4A-11D0-8D11-00A0C91BC942}") = "test8.5", "test8.5\test8.5.vcxproj", "{57482E2D-ABDA-49A8-A7A4-ED54E103E3A4}"
EndProject
Global
	GlobalSection(SolutionConfigurationPlatforms) = preSolution
		Debug|x64 = Debug|x64
		Debug|x86 = Debug|x86
		Release|x64 = Release|x64
		Release|x86 = Release|x86
	EndGlobalSection
	GlobalSection(ProjectConfigurationPlatforms) = postSolution
		{57482E2D-ABDA-49A8-A7A4-ED54E103E3A4}.Debug|x64.ActiveCfg = Debug|x64
		{57482E2D-ABDA-49A8-A7A4-ED54E103E3A4}.Debug|x64.Build.0 = Debug|x64
		{57482E2D-ABDA-49A8-A7A4-ED54E103E3A4}.Debug|x86.ActiveCfg = Debug|Win32
		{57482E2D-ABDA-49A8-A7A4-ED54E103E3A4}.Debug|x86.Build.0 = Debug|Win32
		{57482E2D-ABDA-49A8-A7A4-ED54E103E3A4}.Release|x64.ActiveCfg = Release|x64
		{57482E2D-ABDA-49A8-A7A4-ED54E103E3A4}.Release|x64.Build.0 = Release|x64
		{57482E2D-ABDA-49A8-A7A4-ED54E103E3A4}.Release|x86.ActiveCfg = Release|Win32
		{57482E2D-ABDA-49A8-A7A4-ED54E103E3A4}.Release|x86.Build.0 = Release|Win32
	EndGlobalSection
	GlobalSection(SolutionProperties) = preSolution
		HideSolutionNode = FALSE
	EndGlobalSection
	GlobalSection(ExtensibilityGlobals) = postSolution
		SolutionGuid = {96B0FB5B-3B77-4C98-9633-B33AFE36329F}
	EndGlobalSection
EndGlobal
