
Microsoft Visual Studio Solution File, Format Version 12.00
# Visual Studio Version 16
VisualStudioVersion = 16.0.30804.86
MinimumVisualStudioVersion = 10.0.40219.1
Project("{8BC9CEB8-8B4A-11D0-8D11-00A0C91BC942}") = "Queue12.20", "Queue12.20\Queue12.20.vcxproj", "{25AE244C-2BA8-4600-BD57-5C5414333854}"
EndProject
Global
	GlobalSection(SolutionConfigurationPlatforms) = preSolution
		Debug|x64 = Debug|x64
		Debug|x86 = Debug|x86
		Release|x64 = Release|x64
		Release|x86 = Release|x86
	EndGlobalSection
	GlobalSection(ProjectConfigurationPlatforms) = postSolution
		{25AE244C-2BA8-4600-BD57-5C5414333854}.Debug|x64.ActiveCfg = Debug|x64
		{25AE244C-2BA8-4600-BD57-5C5414333854}.Debug|x64.Build.0 = Debug|x64
		{25AE244C-2BA8-4600-BD57-5C5414333854}.Debug|x86.ActiveCfg = Debug|Win32
		{25AE244C-2BA8-4600-BD57-5C5414333854}.Debug|x86.Build.0 = Debug|Win32
		{25AE244C-2BA8-4600-BD57-5C5414333854}.Release|x64.ActiveCfg = Release|x64
		{25AE244C-2BA8-4600-BD57-5C5414333854}.Release|x64.Build.0 = Release|x64
		{25AE244C-2BA8-4600-BD57-5C5414333854}.Release|x86.ActiveCfg = Release|Win32
		{25AE244C-2BA8-4600-BD57-5C5414333854}.Release|x86.Build.0 = Release|Win32
	EndGlobalSection
	GlobalSection(SolutionProperties) = preSolution
		HideSolutionNode = FALSE
	EndGlobalSection
	GlobalSection(ExtensibilityGlobals) = postSolution
		SolutionGuid = {A466BCF1-DB1C-4E46-BB1A-1E8EE75D6D89}
	EndGlobalSection
EndGlobal
