
Microsoft Visual Studio Solution File, Format Version 12.00
# Visual Studio Version 16
VisualStudioVersion = 16.0.30804.86
MinimumVisualStudioVersion = 10.0.40219.1
Project("{8BC9CEB8-8B4A-11D0-8D11-00A0C91BC942}") = "test3.17", "test3.17\test3.17.vcxproj", "{EB363094-3C51-4A2F-ADDE-9D4590B200A9}"
EndProject
Global
	GlobalSection(SolutionConfigurationPlatforms) = preSolution
		Debug|x64 = Debug|x64
		Debug|x86 = Debug|x86
		Release|x64 = Release|x64
		Release|x86 = Release|x86
	EndGlobalSection
	GlobalSection(ProjectConfigurationPlatforms) = postSolution
		{EB363094-3C51-4A2F-ADDE-9D4590B200A9}.Debug|x64.ActiveCfg = Debug|x64
		{EB363094-3C51-4A2F-ADDE-9D4590B200A9}.Debug|x64.Build.0 = Debug|x64
		{EB363094-3C51-4A2F-ADDE-9D4590B200A9}.Debug|x86.ActiveCfg = Debug|Win32
		{EB363094-3C51-4A2F-ADDE-9D4590B200A9}.Debug|x86.Build.0 = Debug|Win32
		{EB363094-3C51-4A2F-ADDE-9D4590B200A9}.Release|x64.ActiveCfg = Release|x64
		{EB363094-3C51-4A2F-ADDE-9D4590B200A9}.Release|x64.Build.0 = Release|x64
		{EB363094-3C51-4A2F-ADDE-9D4590B200A9}.Release|x86.ActiveCfg = Release|Win32
		{EB363094-3C51-4A2F-ADDE-9D4590B200A9}.Release|x86.Build.0 = Release|Win32
	EndGlobalSection
	GlobalSection(SolutionProperties) = preSolution
		HideSolutionNode = FALSE
	EndGlobalSection
	GlobalSection(ExtensibilityGlobals) = postSolution
		SolutionGuid = {3D7FEB15-E87F-4306-9C92-245D936DD85D}
	EndGlobalSection
EndGlobal
